// !$*UTF8*$!
{
	archiveVersion = 1;
	classes = {
	};
	objectVersion = 50;
	objects = {

/* Begin PBXBuildFile section */
		2D17168B2418758C0069BE29 /* AppDelegate.swift in Sources */ = {isa = PBXBuildFile; fileRef = 2D17168A2418758C0069BE29 /* AppDelegate.swift */; };
		2D17168D2418758C0069BE29 /* SceneDelegate.swift in Sources */ = {isa = PBXBuildFile; fileRef = 2D17168C2418758C0069BE29 /* SceneDelegate.swift */; };
		2D17168F2418758C0069BE29 /* ViewController.swift in Sources */ = {isa = PBXBuildFile; fileRef = 2D17168E2418758C0069BE29 /* ViewController.swift */; };
		2D1716922418758C0069BE29 /* Main.storyboard in Resources */ = {isa = PBXBuildFile; fileRef = 2D1716902418758C0069BE29 /* Main.storyboard */; };
		2D171694241875920069BE29 /* Assets.xcassets in Resources */ = {isa = PBXBuildFile; fileRef = 2D171693241875920069BE29 /* Assets.xcassets */; };
		2D171697241875920069BE29 /* LaunchScreen.storyboard in Resources */ = {isa = PBXBuildFile; fileRef = 2D171695241875920069BE29 /* LaunchScreen.storyboard */; };
		2D17169F241875D00069BE29 /* SwiftyJSON.swift in Sources */ = {isa = PBXBuildFile; fileRef = 2D17169E241875D00069BE29 /* SwiftyJSON.swift */; };
		2D1716A1241876F50069BE29 /* DetailViewController.swift in Sources */ = {isa = PBXBuildFile; fileRef = 2D1716A0241876F50069BE29 /* DetailViewController.swift */; };
		2D1716A4241878290069BE29 /* Core_Data.xcdatamodeld in Sources */ = {isa = PBXBuildFile; fileRef = 2D1716A2241878290069BE29 /* Core_Data.xcdatamodeld */; };
		2D1716A7241882B10069BE29 /* Commit+CoreDataClass.swift in Sources */ = {isa = PBXBuildFile; fileRef = 2D1716A5241882B10069BE29 /* Commit+CoreDataClass.swift */; };
		2D1716A8241882B10069BE29 /* Commit+CoreDataProperties.swift in Sources */ = {isa = PBXBuildFile; fileRef = 2D1716A6241882B10069BE29 /* Commit+CoreDataProperties.swift */; };
		2D1716AB241AACC80069BE29 /* Author+CoreDataClass.swift in Sources */ = {isa = PBXBuildFile; fileRef = 2D1716A9241AACC80069BE29 /* Author+CoreDataClass.swift */; };
		2D1716AC241AACC80069BE29 /* Author+CoreDataProperties.swift in Sources */ = {isa = PBXBuildFile; fileRef = 2D1716AA241AACC80069BE29 /* Author+CoreDataProperties.swift */; };
		2DB0D035246D2737008EB5EC /* AuthorCommitsViewController.swift in Sources */ = {isa = PBXBuildFile; fileRef = 2DB0D034246D2736008EB5EC /* AuthorCommitsViewController.swift */; };
/* End PBXBuildFile section */

/* Begin PBXFileReference section */
		2D1716872418758C0069BE29 /* Core_Data.app */ = {isa = PBXFileReference; explicitFileType = wrapper.application; includeInIndex = 0; path = Core_Data.app; sourceTree = BUILT_PRODUCTS_DIR; };
		2D17168A2418758C0069BE29 /* AppDelegate.swift */ = {isa = PBXFileReference; lastKnownFileType = sourcecode.swift; path = AppDelegate.swift; sourceTree = "<group>"; };
		2D17168C2418758C0069BE29 /* SceneDelegate.swift */ = {isa = PBXFileReference; lastKnownFileType = sourcecode.swift; path = SceneDelegate.swift; sourceTree = "<group>"; };
		2D17168E2418758C0069BE29 /* ViewController.swift */ = {isa = PBXFileReference; lastKnownFileType = sourcecode.swift; path = ViewController.swift; sourceTree = "<group>"; };
		2D1716912418758C0069BE29 /* Base */ = {isa = PBXFileReference; lastKnownFileType = file.storyboard; name = Base; path = Base.lproj/Main.storyboard; sourceTree = "<group>"; };
		2D171693241875920069BE29 /* Assets.xcassets */ = {isa = PBXFileReference; lastKnownFileType = folder.assetcatalog; path = Assets.xcassets; sourceTree = "<group>"; };
		2D171696241875920069BE29 /* Base */ = {isa = PBXFileReference; lastKnownFileType = file.storyboard; name = Base; path = Base.lproj/LaunchScreen.storyboard; sourceTree = "<group>"; };
		2D171698241875920069BE29 /* Info.plist */ = {isa = PBXFileReference; lastKnownFileType = text.plist.xml; path = Info.plist; sourceTree = "<group>"; };
		2D17169E241875D00069BE29 /* SwiftyJSON.swift */ = {isa = PBXFileReference; fileEncoding = 4; lastKnownFileType = sourcecode.swift; path = SwiftyJSON.swift; sourceTree = "<group>"; };
		2D1716A0241876F50069BE29 /* DetailViewController.swift */ = {isa = PBXFileReference; lastKnownFileType = sourcecode.swift; path = DetailViewController.swift; sourceTree = "<group>"; };
		2D1716A3241878290069BE29 /* Core_Data.xcdatamodel */ = {isa = PBXFileReference; lastKnownFileType = wrapper.xcdatamodel; path = Core_Data.xcdatamodel; sourceTree = "<group>"; };
		2D1716A5241882B10069BE29 /* Commit+CoreDataClass.swift */ = {isa = PBXFileReference; lastKnownFileType = sourcecode.swift; path = "Commit+CoreDataClass.swift"; sourceTree = "<group>"; };
		2D1716A6241882B10069BE29 /* Commit+CoreDataProperties.swift */ = {isa = PBXFileReference; lastKnownFileType = sourcecode.swift; path = "Commit+CoreDataProperties.swift"; sourceTree = "<group>"; };
		2D1716A9241AACC80069BE29 /* Author+CoreDataClass.swift */ = {isa = PBXFileReference; lastKnownFileType = sourcecode.swift; path = "Author+CoreDataClass.swift"; sourceTree = "<group>"; };
		2D1716AA241AACC80069BE29 /* Author+CoreDataProperties.swift */ = {isa = PBXFileReference; lastKnownFileType = sourcecode.swift; path = "Author+CoreDataProperties.swift"; sourceTree = "<group>"; };
		2DB0D034246D2736008EB5EC /* AuthorCommitsViewController.swift */ = {isa = PBXFileReference; lastKnownFileType = sourcecode.swift; path = AuthorCommitsViewController.swift; sourceTree = "<group>"; };
/* End PBXFileReference section */

/* Begin PBXFrameworksBuildPhase section */
		2D1716842418758C0069BE29 /* Frameworks */ = {
			isa = PBXFrameworksBuildPhase;
			buildActionMask = 2147483647;
			files = (
			);
			runOnlyForDeploymentPostprocessing = 0;
		};
/* End PBXFrameworksBuildPhase section */

/* Begin PBXGroup section */
		2D17167E2418758C0069BE29 = {
			isa = PBXGroup;
			children = (
				2D1716892418758C0069BE29 /* Core_Data */,
				2D1716882418758C0069BE29 /* Products */,
			);
			sourceTree = "<group>";
		};
		2D1716882418758C0069BE29 /* Products */ = {
			isa = PBXGroup;
			children = (
				2D1716872418758C0069BE29 /* Core_Data.app */,
			);
			name = Products;
			sourceTree = "<group>";
		};
		2D1716892418758C0069BE29 /* Core_Data */ = {
			isa = PBXGroup;
			children = (
				2D1716A9241AACC80069BE29 /* Author+CoreDataClass.swift */,
				2D1716AA241AACC80069BE29 /* Author+CoreDataProperties.swift */,
				2D1716A5241882B10069BE29 /* Commit+CoreDataClass.swift */,
				2D1716A6241882B10069BE29 /* Commit+CoreDataProperties.swift */,
				2D17168A2418758C0069BE29 /* AppDelegate.swift */,
				2D17168C2418758C0069BE29 /* SceneDelegate.swift */,
				2D17168E2418758C0069BE29 /* ViewController.swift */,
				2D1716A0241876F50069BE29 /* DetailViewController.swift */,
				2DB0D034246D2736008EB5EC /* AuthorCommitsViewController.swift */,
				2D17169E241875D00069BE29 /* SwiftyJSON.swift */,
				2D1716902418758C0069BE29 /* Main.storyboard */,
				2D1716A2241878290069BE29 /* Core_Data.xcdatamodeld */,
				2D171693241875920069BE29 /* Assets.xcassets */,
				2D171695241875920069BE29 /* LaunchScreen.storyboard */,
				2D171698241875920069BE29 /* Info.plist */,
			);
			path = Core_Data;
			sourceTree = "<group>";
		};
/* End PBXGroup section */

/* Begin PBXNativeTarget section */
		2D1716862418758C0069BE29 /* Core_Data */ = {
			isa = PBXNativeTarget;
			buildConfigurationList = 2D17169B241875920069BE29 /* Build configuration list for PBXNativeTarget "Core_Data" */;
			buildPhases = (
				2D1716832418758C0069BE29 /* Sources */,
				2D1716842418758C0069BE29 /* Frameworks */,
				2D1716852418758C0069BE29 /* Resources */,
			);
			buildRules = (
			);
			dependencies = (
			);
			name = Core_Data;
			productName = Core_Data;
			productReference = 2D1716872418758C0069BE29 /* Core_Data.app */;
			productType = "com.apple.product-type.application";
		};
/* End PBXNativeTarget section */

/* Begin PBXProject section */
		2D17167F2418758C0069BE29 /* Project object */ = {
			isa = PBXProject;
			attributes = {
				LastSwiftUpdateCheck = 1130;
				LastUpgradeCheck = 1130;
				ORGANIZATIONNAME = LearnAppMaking;
				TargetAttributes = {
					2D1716862418758C0069BE29 = {
						CreatedOnToolsVersion = 11.3.1;
					};
				};
			};
			buildConfigurationList = 2D1716822418758C0069BE29 /* Build configuration list for PBXProject "Core_Data" */;
			compatibilityVersion = "Xcode 9.3";
			developmentRegion = en;
			hasScannedForEncodings = 0;
			knownRegions = (
				en,
				Base,
			);
			mainGroup = 2D17167E2418758C0069BE29;
			productRefGroup = 2D1716882418758C0069BE29 /* Products */;
			projectDirPath = "";
			projectRoot = "";
			targets = (
				2D1716862418758C0069BE29 /* Core_Data */,
			);
		};
/* End PBXProject section */

/* Begin PBXResourcesBuildPhase section */
		2D1716852418758C0069BE29 /* Resources */ = {
			isa = PBXResourcesBuildPhase;
			buildActionMask = 2147483647;
			files = (
				2D171697241875920069BE29 /* LaunchScreen.storyboard in Resources */,
				2D171694241875920069BE29 /* Assets.xcassets in Resources */,
				2D1716922418758C0069BE29 /* Main.storyboard in Resources */,
			);
			runOnlyForDeploymentPostprocessing = 0;
		};
/* End PBXResourcesBuildPhase section */

/* Begin PBXSourcesBuildPhase section */
		2D1716832418758C0069BE29 /* Sources */ = {
			isa = PBXSourcesBuildPhase;
			buildActionMask = 2147483647;
			files = (
				2D17168F2418758C0069BE29 /* ViewController.swift in Sources */,
				2D1716A7241882B10069BE29 /* Commit+CoreDataClass.swift in Sources */,
				2D17168B2418758C0069BE29 /* AppDelegate.swift in Sources */,
				2D1716A4241878290069BE29 /* Core_Data.xcdatamodeld in Sources */,
				2D1716A1241876F50069BE29 /* DetailViewController.swift in Sources */,
				2D17168D2418758C0069BE29 /* SceneDelegate.swift in Sources */,
				2D1716AB241AACC80069BE29 /* Author+CoreDataClass.swift in Sources */,
				2D1716A8241882B10069BE29 /* Commit+CoreDataProperties.swift in Sources */,
				2DB0D035246D2737008EB5EC /* AuthorCommitsViewController.swift in Sources */,
				2D1716AC241AACC80069BE29 /* Author+CoreDataProperties.swift in Sources */,
				2D17169F241875D00069BE29 /* SwiftyJSON.swift in Sources */,
			);
			runOnlyForDeploymentPostprocessing = 0;
		};
/* End PBXSourcesBuildPhase section */

/* Begin PBXVariantGroup section */
		2D1716902418758C0069BE29 /* Main.storyboard */ = {
			isa = PBXVariantGroup;
			children = (
				2D1716912418758C0069BE29 /* Base */,
			);
			name = Main.storyboard;
			sourceTree = "<group>";
		};
		2D171695241875920069BE29 /* LaunchScreen.storyboard */ = {
			isa = PBXVariantGroup;
			children = (
				2D171696241875920069BE29 /* Base */,
			);
			name = LaunchScreen.storyboard;
			sourceTree = "<group>";
		};
/* End PBXVariantGroup section */

/* Begin XCBuildConfiguration section */
		2D171699241875920069BE29 /* Debug */ = {
			isa = XCBuildConfiguration;
			buildSettings = {
				ALWAYS_SEARCH_USER_PATHS = NO;
				CLANG_ANALYZER_NONNULL = YES;
				CLANG_ANALYZER_NUMBER_OBJECT_CONVERSION = YES_AGGRESSIVE;
				CLANG_CXX_LANGUAGE_STANDARD = "gnu++14";
				CLANG_CXX_LIBRARY = "libc++";
				CLANG_ENABLE_MODULES = YES;
				CLANG_ENABLE_OBJC_ARC = YES;
				CLANG_ENABLE_OBJC_WEAK = YES;
				CLANG_WARN_BLOCK_CAPTURE_AUTORELEASING = YES;
				CLANG_WARN_BOOL_CONVERSION = YES;
				CLANG_WARN_COMMA = YES;
				CLANG_WARN_CONSTANT_CONVERSION = YES;
				CLANG_WARN_DEPRECATED_OBJC_IMPLEMENTATIONS = YES;
				CLANG_WARN_DIRECT_OBJC_ISA_USAGE = YES_ERROR;
				CLANG_WARN_DOCUMENTATION_COMMENTS = YES;
				CLANG_WARN_EMPTY_BODY = YES;
				CLANG_WARN_ENUM_CONVERSION = YES;
				CLANG_WARN_INFINITE_RECURSION = YES;
				CLANG_WARN_INT_CONVERSION = YES;
				CLANG_WARN_NON_LITERAL_NULL_CONVERSION = YES;
				CLANG_WARN_OBJC_IMPLICIT_RETAIN_SELF = YES;
				CLANG_WARN_OBJC_LITERAL_CONVERSION = YES;
				CLANG_WARN_OBJC_ROOT_CLASS = YES_ERROR;
				CLANG_WARN_RANGE_LOOP_ANALYSIS = YES;
				CLANG_WARN_STRICT_PROTOTYPES = YES;
				CLANG_WARN_SUSPICIOUS_MOVE = YES;
				CLANG_WARN_UNGUARDED_AVAILABILITY = YES_AGGRESSIVE;
				CLANG_WARN_UNREACHABLE_CODE = YES;
				CLANG_WARN__DUPLICATE_METHOD_MATCH = YES;
				COPY_PHASE_STRIP = NO;
				DEBUG_INFORMATION_FORMAT = dwarf;
				ENABLE_STRICT_OBJC_MSGSEND = YES;
				ENABLE_TESTABILITY = YES;
				GCC_C_LANGUAGE_STANDARD = gnu11;
				GCC_DYNAMIC_NO_PIC = NO;
				GCC_NO_COMMON_BLOCKS = YES;
				GCC_OPTIMIZATION_LEVEL = 0;
				GCC_PREPROCESSOR_DEFINITIONS = (
					"DEBUG=1",
					"$(inherited)",
				);
				GCC_WARN_64_TO_32_BIT_CONVERSION = YES;
				GCC_WARN_ABOUT_RETURN_TYPE = YES_ERROR;
				GCC_WARN_UNDECLARED_SELECTOR = YES;
				GCC_WARN_UNINITIALIZED_AUTOS = YES_AGGRESSIVE;
				GCC_WARN_UNUSED_FUNCTION = YES;
				GCC_WARN_UNUSED_VARIABLE = YES;
				IPHONEOS_DEPLOYMENT_TARGET = 13.2;
				MTL_ENABLE_DEBUG_INFO = INCLUDE_SOURCE;
				MTL_FAST_MATH = YES;
				ONLY_ACTIVE_ARCH = YES;
				SDKROOT = iphoneos;
				SWIFT_ACTIVE_COMPILATION_CONDITIONS = DEBUG;
				SWIFT_OPTIMIZATION_LEVEL = "-Onone";
			};
			name = Debug;
		};
		2D17169A241875920069BE29 /* Release */ = {
			isa = XCBuildConfiguration;
			buildSettings = {
				ALWAYS_SEARCH_USER_PATHS = NO;
				CLANG_ANALYZER_NONNULL = YES;
				CLANG_ANALYZER_NUMBER_OBJECT_CONVERSION = YES_AGGRESSIVE;
				CLANG_CXX_LANGUAGE_STANDARD = "gnu++14";
				CLANG_CXX_LIBRARY = "libc++";
				CLANG_ENABLE_MODULES = YES;
				CLANG_ENABLE_OBJC_ARC = YES;
				CLANG_ENABLE_OBJC_WEAK = YES;
				CLANG_WARN_BLOCK_CAPTURE_AUTORELEASING = YES;
				CLANG_WARN_BOOL_CONVERSION = YES;
				CLANG_WARN_COMMA = YES;
				CLANG_WARN_CONSTANT_CONVERSION = YES;
				CLANG_WARN_DEPRECATED_OBJC_IMPLEMENTATIONS = YES;
				CLANG_WARN_DIRECT_OBJC_ISA_USAGE = YES_ERROR;
				CLANG_WARN_DOCUMENTATION_COMMENTS = YES;
				CLANG_WARN_EMPTY_BODY = YES;
				CLANG_WARN_ENUM_CONVERSION = YES;
				CLANG_WARN_INFINITE_RECURSION = YES;
				CLANG_WARN_INT_CONVERSION = YES;
				CLANG_WARN_NON_LITERAL_NULL_CONVERSION = YES;
				CLANG_WARN_OBJC_IMPLICIT_RETAIN_SELF = YES;
				CLANG_WARN_OBJC_LITERAL_CONVERSION = YES;
				CLANG_WARN_OBJC_ROOT_CLASS = YES_ERROR;
				CLANG_WARN_RANGE_LOOP_ANALYSIS = YES;
				CLANG_WARN_STRICT_PROTOTYPES = YES;
				CLANG_WARN_SUSPICIOUS_MOVE = YES;
				CLANG_WARN_UNGUARDED_AVAILABILITY = YES_AGGRESSIVE;
				CLANG_WARN_UNREACHABLE_CODE = YES;
				CLANG_WARN__DUPLICATE_METHOD_MATCH = YES;
				COPY_PHASE_STRIP = NO;
				DEBUG_INFORMATION_FORMAT = "dwarf-with-dsym";
				ENABLE_NS_ASSERTIONS = NO;
				ENABLE_STRICT_OBJC_MSGSEND = YES;
				GCC_C_LANGUAGE_STANDARD = gnu11;
				GCC_NO_COMMON_BLOCKS = YES;
				GCC_WARN_64_TO_32_BIT_CONVERSION = YES;
				GCC_WARN_ABOUT_RETURN_TYPE = YES_ERROR;
				GCC_WARN_UNDECLARED_SELECTOR = YES;
				GCC_WARN_UNINITIALIZED_AUTOS = YES_AGGRESSIVE;
				GCC_WARN_UNUSED_FUNCTION = YES;
				GCC_WARN_UNUSED_VARIABLE = YES;
				IPHONEOS_DEPLOYMENT_TARGET = 13.2;
				MTL_ENABLE_DEBUG_INFO = NO;
				MTL_FAST_MATH = YES;
				SDKROOT = iphoneos;
				SWIFT_COMPILATION_MODE = wholemodule;
				SWIFT_OPTIMIZATION_LEVEL = "-O";
				VALIDATE_PRODUCT = YES;
			};
			name = Release;
		};
		2D17169C241875920069BE29 /* Debug */ = {
			isa = XCBuildConfiguration;
			buildSettings = {
				ASSETCATALOG_COMPILER_APPICON_NAME = AppIcon;
				CODE_SIGN_STYLE = Automatic;
				DEVELOPMENT_TEAM = LR9PL4C5TR;
				INFOPLIST_FILE = Core_Data/Info.plist;
				LD_RUNPATH_SEARCH_PATHS = (
					"$(inherited)",
					"@executable_path/Frameworks",
				);
				PRODUCT_BUNDLE_IDENTIFIER = "com.learnappmaking.Core-Data";
				PRODUCT_NAME = "$(TARGET_NAME)";
				SWIFT_VERSION = 5.0;
				TARGETED_DEVICE_FAMILY = "1,2";
			};
			name = Debug;
		};
		2D17169D241875920069BE29 /* Release */ = {
			isa = XCBuildConfiguration;
			buildSettings = {
				ASSETCATALOG_COMPILER_APPICON_NAME = AppIcon;
				CODE_SIGN_STYLE = Automatic;
				DEVELOPMENT_TEAM = LR9PL4C5TR;
				INFOPLIST_FILE = Core_Data/Info.plist;
				LD_RUNPATH_SEARCH_PATHS = (
					"$(inherited)",
					"@executable_path/Frameworks",
				);
				PRODUCT_BUNDLE_IDENTIFIER = "com.learnappmaking.Core-Data";
				PRODUCT_NAME = "$(TARGET_NAME)";
				SWIFT_VERSION = 5.0;
				TARGETED_DEVICE_FAMILY = "1,2";
			};
			name = Release;
		};
/* End XCBuildConfiguration section */

/* Begin XCConfigurationList section */
		2D1716822418758C0069BE29 /* Build configuration list for PBXProject "Core_Data" */ = {
			isa = XCConfigurationList;
			buildConfigurations = (
				2D171699241875920069BE29 /* Debug */,
				2D17169A241875920069BE29 /* Release */,
			);
			defaultConfigurationIsVisible = 0;
			defaultConfigurationName = Release;
		};
		2D17169B241875920069BE29 /* Build configuration list for PBXNativeTarget "Core_Data" */ = {
			isa = XCConfigurationList;
			buildConfigurations = (
				2D17169C241875920069BE29 /* Debug */,
				2D17169D241875920069BE29 /* Release */,
			);
			defaultConfigurationIsVisible = 0;
			defaultConfigurationName = Release;
		};
/* End XCConfigurationList section */

/* Begin XCVersionGroup section */
		2D1716A2241878290069BE29 /* Core_Data.xcdatamodeld */ = {
			isa = XCVersionGroup;
			children = (
				2D1716A3241878290069BE29 /* Core_Data.xcdatamodel */,
			);
			currentVersion = 2D1716A3241878290069BE29 /* Core_Data.xcdatamodel */;
			path = Core_Data.xcdatamodeld;
			sourceTree = "<group>";
			versionGroupType = wrapper.xcdatamodel;
		};
/* End XCVersionGroup section */
	};
	rootObject = 2D17167F2418758C0069BE29 /* Project object */;
}
