// !$*UTF8*$!
{
	archiveVersion = 1;
	classes = {
	};
	objectVersion = 50;
	objects = {

/* Begin PBXBuildFile section */
		2DFEED67240AE20C000B6640 /* AppDelegate.swift in Sources */ = {isa = PBXBuildFile; fileRef = 2DFEED66240AE20C000B6640 /* AppDelegate.swift */; };
		2DFEED69240AE20C000B6640 /* GameScene.sks in Resources */ = {isa = PBXBuildFile; fileRef = 2DFEED68240AE20C000B6640 /* GameScene.sks */; };
		2DFEED6D240AE20C000B6640 /* GameScene.swift in Sources */ = {isa = PBXBuildFile; fileRef = 2DFEED6C240AE20C000B6640 /* GameScene.swift */; };
		2DFEED6F240AE20C000B6640 /* GameViewController.swift in Sources */ = {isa = PBXBuildFile; fileRef = 2DFEED6E240AE20C000B6640 /* GameViewController.swift */; };
		2DFEED72240AE20C000B6640 /* Main.storyboard in Resources */ = {isa = PBXBuildFile; fileRef = 2DFEED70240AE20C000B6640 /* Main.storyboard */; };
		2DFEED74240AE210000B6640 /* Assets.xcassets in Resources */ = {isa = PBXBuildFile; fileRef = 2DFEED73240AE210000B6640 /* Assets.xcassets */; };
		2DFEED77240AE210000B6640 /* LaunchScreen.storyboard in Resources */ = {isa = PBXBuildFile; fileRef = 2DFEED75240AE210000B6640 /* LaunchScreen.storyboard */; };
		2DFEED80240AE33E000B6640 /* coin.wav in Resources */ = {isa = PBXBuildFile; fileRef = 2DFEED7F240AE33E000B6640 /* coin.wav */; };
		2DFEED85240AE34B000B6640 /* music.m4a in Resources */ = {isa = PBXBuildFile; fileRef = 2DFEED81240AE34B000B6640 /* music.m4a */; };
		2DFEED86240AE34B000B6640 /* explosion.wav in Resources */ = {isa = PBXBuildFile; fileRef = 2DFEED82240AE34B000B6640 /* explosion.wav */; };
		2DFEED87240AE34B000B6640 /* spark.png in Resources */ = {isa = PBXBuildFile; fileRef = 2DFEED83240AE34B000B6640 /* spark.png */; };
		2DFEED88240AE34B000B6640 /* PlayerExplosion.sks in Resources */ = {isa = PBXBuildFile; fileRef = 2DFEED84240AE34B000B6640 /* PlayerExplosion.sks */; };
/* End PBXBuildFile section */

/* Begin PBXFileReference section */
		2DFEED63240AE20C000B6640 /* Crashed plane.app */ = {isa = PBXFileReference; explicitFileType = wrapper.application; includeInIndex = 0; path = "Crashed plane.app"; sourceTree = BUILT_PRODUCTS_DIR; };
		2DFEED66240AE20C000B6640 /* AppDelegate.swift */ = {isa = PBXFileReference; lastKnownFileType = sourcecode.swift; path = AppDelegate.swift; sourceTree = "<group>"; };
		2DFEED68240AE20C000B6640 /* GameScene.sks */ = {isa = PBXFileReference; lastKnownFileType = file.sks; path = GameScene.sks; sourceTree = "<group>"; };
		2DFEED6C240AE20C000B6640 /* GameScene.swift */ = {isa = PBXFileReference; lastKnownFileType = sourcecode.swift; path = GameScene.swift; sourceTree = "<group>"; };
		2DFEED6E240AE20C000B6640 /* GameViewController.swift */ = {isa = PBXFileReference; lastKnownFileType = sourcecode.swift; path = GameViewController.swift; sourceTree = "<group>"; };
		2DFEED71240AE20C000B6640 /* Base */ = {isa = PBXFileReference; lastKnownFileType = file.storyboard; name = Base; path = Base.lproj/Main.storyboard; sourceTree = "<group>"; };
		2DFEED73240AE210000B6640 /* Assets.xcassets */ = {isa = PBXFileReference; lastKnownFileType = folder.assetcatalog; path = Assets.xcassets; sourceTree = "<group>"; };
		2DFEED76240AE210000B6640 /* Base */ = {isa = PBXFileReference; lastKnownFileType = file.storyboard; name = Base; path = Base.lproj/LaunchScreen.storyboard; sourceTree = "<group>"; };
		2DFEED78240AE210000B6640 /* Info.plist */ = {isa = PBXFileReference; lastKnownFileType = text.plist.xml; path = Info.plist; sourceTree = "<group>"; };
		2DFEED7F240AE33E000B6640 /* coin.wav */ = {isa = PBXFileReference; lastKnownFileType = audio.wav; path = coin.wav; sourceTree = "<group>"; };
		2DFEED81240AE34B000B6640 /* music.m4a */ = {isa = PBXFileReference; lastKnownFileType = file; path = music.m4a; sourceTree = "<group>"; };
		2DFEED82240AE34B000B6640 /* explosion.wav */ = {isa = PBXFileReference; lastKnownFileType = audio.wav; path = explosion.wav; sourceTree = "<group>"; };
		2DFEED83240AE34B000B6640 /* spark.png */ = {isa = PBXFileReference; lastKnownFileType = image.png; path = spark.png; sourceTree = "<group>"; };
		2DFEED84240AE34B000B6640 /* PlayerExplosion.sks */ = {isa = PBXFileReference; lastKnownFileType = file.sks; path = PlayerExplosion.sks; sourceTree = "<group>"; };
/* End PBXFileReference section */

/* Begin PBXFrameworksBuildPhase section */
		2DFEED60240AE20C000B6640 /* Frameworks */ = {
			isa = PBXFrameworksBuildPhase;
			buildActionMask = 2147483647;
			files = (
			);
			runOnlyForDeploymentPostprocessing = 0;
		};
/* End PBXFrameworksBuildPhase section */

/* Begin PBXGroup section */
		2DFEED5A240AE20C000B6640 = {
			isa = PBXGroup;
			children = (
				2DFEED65240AE20C000B6640 /* Crashed plane */,
				2DFEED64240AE20C000B6640 /* Products */,
			);
			sourceTree = "<group>";
		};
		2DFEED64240AE20C000B6640 /* Products */ = {
			isa = PBXGroup;
			children = (
				2DFEED63240AE20C000B6640 /* Crashed plane.app */,
			);
			name = Products;
			sourceTree = "<group>";
		};
		2DFEED65240AE20C000B6640 /* Crashed plane */ = {
			isa = PBXGroup;
			children = (
				2DFEED7E240AE327000B6640 /* Content */,
				2DFEED66240AE20C000B6640 /* AppDelegate.swift */,
				2DFEED68240AE20C000B6640 /* GameScene.sks */,
				2DFEED6C240AE20C000B6640 /* GameScene.swift */,
				2DFEED6E240AE20C000B6640 /* GameViewController.swift */,
				2DFEED70240AE20C000B6640 /* Main.storyboard */,
				2DFEED73240AE210000B6640 /* Assets.xcassets */,
				2DFEED75240AE210000B6640 /* LaunchScreen.storyboard */,
				2DFEED78240AE210000B6640 /* Info.plist */,
			);
			path = "Crashed plane";
			sourceTree = "<group>";
		};
		2DFEED7E240AE327000B6640 /* Content */ = {
			isa = PBXGroup;
			children = (
				2DFEED7F240AE33E000B6640 /* coin.wav */,
				2DFEED82240AE34B000B6640 /* explosion.wav */,
				2DFEED81240AE34B000B6640 /* music.m4a */,
				2DFEED84240AE34B000B6640 /* PlayerExplosion.sks */,
				2DFEED83240AE34B000B6640 /* spark.png */,
			);
			path = Content;
			sourceTree = "<group>";
		};
/* End PBXGroup section */

/* Begin PBXNativeTarget section */
		2DFEED62240AE20C000B6640 /* Crashed plane */ = {
			isa = PBXNativeTarget;
			buildConfigurationList = 2DFEED7B240AE210000B6640 /* Build configuration list for PBXNativeTarget "Crashed plane" */;
			buildPhases = (
				2DFEED5F240AE20C000B6640 /* Sources */,
				2DFEED60240AE20C000B6640 /* Frameworks */,
				2DFEED61240AE20C000B6640 /* Resources */,
			);
			buildRules = (
			);
			dependencies = (
			);
			name = "Crashed plane";
			productName = "Crashed plane";
			productReference = 2DFEED63240AE20C000B6640 /* Crashed plane.app */;
			productType = "com.apple.product-type.application";
		};
/* End PBXNativeTarget section */

/* Begin PBXProject section */
		2DFEED5B240AE20C000B6640 /* Project object */ = {
			isa = PBXProject;
			attributes = {
				LastSwiftUpdateCheck = 1130;
				LastUpgradeCheck = 1130;
				ORGANIZATIONNAME = LearnAppMaking;
				TargetAttributes = {
					2DFEED62240AE20C000B6640 = {
						CreatedOnToolsVersion = 11.3.1;
					};
				};
			};
			buildConfigurationList = 2DFEED5E240AE20C000B6640 /* Build configuration list for PBXProject "Crashed plane" */;
			compatibilityVersion = "Xcode 9.3";
			developmentRegion = en;
			hasScannedForEncodings = 0;
			knownRegions = (
				en,
				Base,
			);
			mainGroup = 2DFEED5A240AE20C000B6640;
			productRefGroup = 2DFEED64240AE20C000B6640 /* Products */;
			projectDirPath = "";
			projectRoot = "";
			targets = (
				2DFEED62240AE20C000B6640 /* Crashed plane */,
			);
		};
/* End PBXProject section */

/* Begin PBXResourcesBuildPhase section */
		2DFEED61240AE20C000B6640 /* Resources */ = {
			isa = PBXResourcesBuildPhase;
			buildActionMask = 2147483647;
			files = (
				2DFEED80240AE33E000B6640 /* coin.wav in Resources */,
				2DFEED72240AE20C000B6640 /* Main.storyboard in Resources */,
				2DFEED86240AE34B000B6640 /* explosion.wav in Resources */,
				2DFEED88240AE34B000B6640 /* PlayerExplosion.sks in Resources */,
				2DFEED85240AE34B000B6640 /* music.m4a in Resources */,
				2DFEED69240AE20C000B6640 /* GameScene.sks in Resources */,
				2DFEED87240AE34B000B6640 /* spark.png in Resources */,
				2DFEED74240AE210000B6640 /* Assets.xcassets in Resources */,
				2DFEED77240AE210000B6640 /* LaunchScreen.storyboard in Resources */,
			);
			runOnlyForDeploymentPostprocessing = 0;
		};
/* End PBXResourcesBuildPhase section */

/* Begin PBXSourcesBuildPhase section */
		2DFEED5F240AE20C000B6640 /* Sources */ = {
			isa = PBXSourcesBuildPhase;
			buildActionMask = 2147483647;
			files = (
				2DFEED6D240AE20C000B6640 /* GameScene.swift in Sources */,
				2DFEED6F240AE20C000B6640 /* GameViewController.swift in Sources */,
				2DFEED67240AE20C000B6640 /* AppDelegate.swift in Sources */,
			);
			runOnlyForDeploymentPostprocessing = 0;
		};
/* End PBXSourcesBuildPhase section */

/* Begin PBXVariantGroup section */
		2DFEED70240AE20C000B6640 /* Main.storyboard */ = {
			isa = PBXVariantGroup;
			children = (
				2DFEED71240AE20C000B6640 /* Base */,
			);
			name = Main.storyboard;
			sourceTree = "<group>";
		};
		2DFEED75240AE210000B6640 /* LaunchScreen.storyboard */ = {
			isa = PBXVariantGroup;
			children = (
				2DFEED76240AE210000B6640 /* Base */,
			);
			name = LaunchScreen.storyboard;
			sourceTree = "<group>";
		};
/* End PBXVariantGroup section */

/* Begin XCBuildConfiguration section */
		2DFEED79240AE210000B6640 /* Debug */ = {
			isa = XCBuildConfiguration;
			buildSettings = {
				ALWAYS_SEARCH_USER_PATHS = NO;
				CLANG_ANALYZER_NONNULL = YES;
				CLANG_ANALYZER_NUMBER_OBJECT_CONVERSION = YES_AGGRESSIVE;
				CLANG_CXX_LANGUAGE_STANDARD = "gnu++14";
				CLANG_CXX_LIBRARY = "libc++";
				CLANG_ENABLE_MODULES = YES;
				CLANG_ENABLE_OBJC_ARC = YES;
				CLANG_ENABLE_OBJC_WEAK = YES;
				CLANG_WARN_BLOCK_CAPTURE_AUTORELEASING = YES;
				CLANG_WARN_BOOL_CONVERSION = YES;
				CLANG_WARN_COMMA = YES;
				CLANG_WARN_CONSTANT_CONVERSION = YES;
				CLANG_WARN_DEPRECATED_OBJC_IMPLEMENTATIONS = YES;
				CLANG_WARN_DIRECT_OBJC_ISA_USAGE = YES_ERROR;
				CLANG_WARN_DOCUMENTATION_COMMENTS = YES;
				CLANG_WARN_EMPTY_BODY = YES;
				CLANG_WARN_ENUM_CONVERSION = YES;
				CLANG_WARN_INFINITE_RECURSION = YES;
				CLANG_WARN_INT_CONVERSION = YES;
				CLANG_WARN_NON_LITERAL_NULL_CONVERSION = YES;
				CLANG_WARN_OBJC_IMPLICIT_RETAIN_SELF = YES;
				CLANG_WARN_OBJC_LITERAL_CONVERSION = YES;
				CLANG_WARN_OBJC_ROOT_CLASS = YES_ERROR;
				CLANG_WARN_RANGE_LOOP_ANALYSIS = YES;
				CLANG_WARN_STRICT_PROTOTYPES = YES;
				CLANG_WARN_SUSPICIOUS_MOVE = YES;
				CLANG_WARN_UNGUARDED_AVAILABILITY = YES_AGGRESSIVE;
				CLANG_WARN_UNREACHABLE_CODE = YES;
				CLANG_WARN__DUPLICATE_METHOD_MATCH = YES;
				COPY_PHASE_STRIP = NO;
				DEBUG_INFORMATION_FORMAT = dwarf;
				ENABLE_STRICT_OBJC_MSGSEND = YES;
				ENABLE_TESTABILITY = YES;
				GCC_C_LANGUAGE_STANDARD = gnu11;
				GCC_DYNAMIC_NO_PIC = NO;
				GCC_NO_COMMON_BLOCKS = YES;
				GCC_OPTIMIZATION_LEVEL = 0;
				GCC_PREPROCESSOR_DEFINITIONS = (
					"DEBUG=1",
					"$(inherited)",
				);
				GCC_WARN_64_TO_32_BIT_CONVERSION = YES;
				GCC_WARN_ABOUT_RETURN_TYPE = YES_ERROR;
				GCC_WARN_UNDECLARED_SELECTOR = YES;
				GCC_WARN_UNINITIALIZED_AUTOS = YES_AGGRESSIVE;
				GCC_WARN_UNUSED_FUNCTION = YES;
				GCC_WARN_UNUSED_VARIABLE = YES;
				IPHONEOS_DEPLOYMENT_TARGET = 13.2;
				MTL_ENABLE_DEBUG_INFO = INCLUDE_SOURCE;
				MTL_FAST_MATH = YES;
				ONLY_ACTIVE_ARCH = YES;
				SDKROOT = iphoneos;
				SWIFT_ACTIVE_COMPILATION_CONDITIONS = DEBUG;
				SWIFT_OPTIMIZATION_LEVEL = "-Onone";
			};
			name = Debug;
		};
		2DFEED7A240AE210000B6640 /* Release */ = {
			isa = XCBuildConfiguration;
			buildSettings = {
				ALWAYS_SEARCH_USER_PATHS = NO;
				CLANG_ANALYZER_NONNULL = YES;
				CLANG_ANALYZER_NUMBER_OBJECT_CONVERSION = YES_AGGRESSIVE;
				CLANG_CXX_LANGUAGE_STANDARD = "gnu++14";
				CLANG_CXX_LIBRARY = "libc++";
				CLANG_ENABLE_MODULES = YES;
				CLANG_ENABLE_OBJC_ARC = YES;
				CLANG_ENABLE_OBJC_WEAK = YES;
				CLANG_WARN_BLOCK_CAPTURE_AUTORELEASING = YES;
				CLANG_WARN_BOOL_CONVERSION = YES;
				CLANG_WARN_COMMA = YES;
				CLANG_WARN_CONSTANT_CONVERSION = YES;
				CLANG_WARN_DEPRECATED_OBJC_IMPLEMENTATIONS = YES;
				CLANG_WARN_DIRECT_OBJC_ISA_USAGE = YES_ERROR;
				CLANG_WARN_DOCUMENTATION_COMMENTS = YES;
				CLANG_WARN_EMPTY_BODY = YES;
				CLANG_WARN_ENUM_CONVERSION = YES;
				CLANG_WARN_INFINITE_RECURSION = YES;
				CLANG_WARN_INT_CONVERSION = YES;
				CLANG_WARN_NON_LITERAL_NULL_CONVERSION = YES;
				CLANG_WARN_OBJC_IMPLICIT_RETAIN_SELF = YES;
				CLANG_WARN_OBJC_LITERAL_CONVERSION = YES;
				CLANG_WARN_OBJC_ROOT_CLASS = YES_ERROR;
				CLANG_WARN_RANGE_LOOP_ANALYSIS = YES;
				CLANG_WARN_STRICT_PROTOTYPES = YES;
				CLANG_WARN_SUSPICIOUS_MOVE = YES;
				CLANG_WARN_UNGUARDED_AVAILABILITY = YES_AGGRESSIVE;
				CLANG_WARN_UNREACHABLE_CODE = YES;
				CLANG_WARN__DUPLICATE_METHOD_MATCH = YES;
				COPY_PHASE_STRIP = NO;
				DEBUG_INFORMATION_FORMAT = "dwarf-with-dsym";
				ENABLE_NS_ASSERTIONS = NO;
				ENABLE_STRICT_OBJC_MSGSEND = YES;
				GCC_C_LANGUAGE_STANDARD = gnu11;
				GCC_NO_COMMON_BLOCKS = YES;
				GCC_WARN_64_TO_32_BIT_CONVERSION = YES;
				GCC_WARN_ABOUT_RETURN_TYPE = YES_ERROR;
				GCC_WARN_UNDECLARED_SELECTOR = YES;
				GCC_WARN_UNINITIALIZED_AUTOS = YES_AGGRESSIVE;
				GCC_WARN_UNUSED_FUNCTION = YES;
				GCC_WARN_UNUSED_VARIABLE = YES;
				IPHONEOS_DEPLOYMENT_TARGET = 13.2;
				MTL_ENABLE_DEBUG_INFO = NO;
				MTL_FAST_MATH = YES;
				SDKROOT = iphoneos;
				SWIFT_COMPILATION_MODE = wholemodule;
				SWIFT_OPTIMIZATION_LEVEL = "-O";
				VALIDATE_PRODUCT = YES;
			};
			name = Release;
		};
		2DFEED7C240AE210000B6640 /* Debug */ = {
			isa = XCBuildConfiguration;
			buildSettings = {
				ASSETCATALOG_COMPILER_APPICON_NAME = AppIcon;
				CODE_SIGN_STYLE = Automatic;
				DEVELOPMENT_TEAM = LR9PL4C5TR;
				INFOPLIST_FILE = "Crashed plane/Info.plist";
				LD_RUNPATH_SEARCH_PATHS = (
					"$(inherited)",
					"@executable_path/Frameworks",
				);
				PRODUCT_BUNDLE_IDENTIFIER = "com.learnappmaking.Crashed-plane";
				PRODUCT_NAME = "$(TARGET_NAME)";
				SWIFT_VERSION = 5.0;
				TARGETED_DEVICE_FAMILY = 1;
			};
			name = Debug;
		};
		2DFEED7D240AE210000B6640 /* Release */ = {
			isa = XCBuildConfiguration;
			buildSettings = {
				ASSETCATALOG_COMPILER_APPICON_NAME = AppIcon;
				CODE_SIGN_STYLE = Automatic;
				DEVELOPMENT_TEAM = LR9PL4C5TR;
				INFOPLIST_FILE = "Crashed plane/Info.plist";
				LD_RUNPATH_SEARCH_PATHS = (
					"$(inherited)",
					"@executable_path/Frameworks",
				);
				PRODUCT_BUNDLE_IDENTIFIER = "com.learnappmaking.Crashed-plane";
				PRODUCT_NAME = "$(TARGET_NAME)";
				SWIFT_VERSION = 5.0;
				TARGETED_DEVICE_FAMILY = 1;
			};
			name = Release;
		};
/* End XCBuildConfiguration section */

/* Begin XCConfigurationList section */
		2DFEED5E240AE20C000B6640 /* Build configuration list for PBXProject "Crashed plane" */ = {
			isa = XCConfigurationList;
			buildConfigurations = (
				2DFEED79240AE210000B6640 /* Debug */,
				2DFEED7A240AE210000B6640 /* Release */,
			);
			defaultConfigurationIsVisible = 0;
			defaultConfigurationName = Release;
		};
		2DFEED7B240AE210000B6640 /* Build configuration list for PBXNativeTarget "Crashed plane" */ = {
			isa = XCConfigurationList;
			buildConfigurations = (
				2DFEED7C240AE210000B6640 /* Debug */,
				2DFEED7D240AE210000B6640 /* Release */,
			);
			defaultConfigurationIsVisible = 0;
			defaultConfigurationName = Release;
		};
/* End XCConfigurationList section */
	};
	rootObject = 2DFEED5B240AE20C000B6640 /* Project object */;
}
