// !$*UTF8*$!
{
	archiveVersion = 1;
	classes = {
	};
	objectVersion = 50;
	objects = {

/* Begin PBXBuildFile section */
		2DA18A8523CEC2610004A653 /* AppDelegate.swift in Sources */ = {isa = PBXBuildFile; fileRef = 2DA18A8423CEC2610004A653 /* AppDelegate.swift */; };
		2DA18A8723CEC2610004A653 /* SceneDelegate.swift in Sources */ = {isa = PBXBuildFile; fileRef = 2DA18A8623CEC2610004A653 /* SceneDelegate.swift */; };
		2DA18A8923CEC2610004A653 /* ViewController.swift in Sources */ = {isa = PBXBuildFile; fileRef = 2DA18A8823CEC2610004A653 /* ViewController.swift */; };
		2DA18A8C23CEC2610004A653 /* Main.storyboard in Resources */ = {isa = PBXBuildFile; fileRef = 2DA18A8A23CEC2610004A653 /* Main.storyboard */; };
		2DA18A8E23CEC2640004A653 /* Assets.xcassets in Resources */ = {isa = PBXBuildFile; fileRef = 2DA18A8D23CEC2640004A653 /* Assets.xcassets */; };
		2DA18A9123CEC2640004A653 /* LaunchScreen.storyboard in Resources */ = {isa = PBXBuildFile; fileRef = 2DA18A8F23CEC2640004A653 /* LaunchScreen.storyboard */; };
/* End PBXBuildFile section */

/* Begin PBXFileReference section */
		2DA18A8123CEC2610004A653 /* Selfie share.app */ = {isa = PBXFileReference; explicitFileType = wrapper.application; includeInIndex = 0; path = "Selfie share.app"; sourceTree = BUILT_PRODUCTS_DIR; };
		2DA18A8423CEC2610004A653 /* AppDelegate.swift */ = {isa = PBXFileReference; lastKnownFileType = sourcecode.swift; path = AppDelegate.swift; sourceTree = "<group>"; };
		2DA18A8623CEC2610004A653 /* SceneDelegate.swift */ = {isa = PBXFileReference; lastKnownFileType = sourcecode.swift; path = SceneDelegate.swift; sourceTree = "<group>"; };
		2DA18A8823CEC2610004A653 /* ViewController.swift */ = {isa = PBXFileReference; lastKnownFileType = sourcecode.swift; path = ViewController.swift; sourceTree = "<group>"; };
		2DA18A8B23CEC2610004A653 /* Base */ = {isa = PBXFileReference; lastKnownFileType = file.storyboard; name = Base; path = Base.lproj/Main.storyboard; sourceTree = "<group>"; };
		2DA18A8D23CEC2640004A653 /* Assets.xcassets */ = {isa = PBXFileReference; lastKnownFileType = folder.assetcatalog; path = Assets.xcassets; sourceTree = "<group>"; };
		2DA18A9023CEC2640004A653 /* Base */ = {isa = PBXFileReference; lastKnownFileType = file.storyboard; name = Base; path = Base.lproj/LaunchScreen.storyboard; sourceTree = "<group>"; };
		2DA18A9223CEC2640004A653 /* Info.plist */ = {isa = PBXFileReference; lastKnownFileType = text.plist.xml; path = Info.plist; sourceTree = "<group>"; };
/* End PBXFileReference section */

/* Begin PBXFrameworksBuildPhase section */
		2DA18A7E23CEC2610004A653 /* Frameworks */ = {
			isa = PBXFrameworksBuildPhase;
			buildActionMask = 2147483647;
			files = (
			);
			runOnlyForDeploymentPostprocessing = 0;
		};
/* End PBXFrameworksBuildPhase section */

/* Begin PBXGroup section */
		2DA18A7823CEC2610004A653 = {
			isa = PBXGroup;
			children = (
				2DA18A8323CEC2610004A653 /* Selfie share */,
				2DA18A8223CEC2610004A653 /* Products */,
			);
			sourceTree = "<group>";
		};
		2DA18A8223CEC2610004A653 /* Products */ = {
			isa = PBXGroup;
			children = (
				2DA18A8123CEC2610004A653 /* Selfie share.app */,
			);
			name = Products;
			sourceTree = "<group>";
		};
		2DA18A8323CEC2610004A653 /* Selfie share */ = {
			isa = PBXGroup;
			children = (
				2DA18A8423CEC2610004A653 /* AppDelegate.swift */,
				2DA18A8623CEC2610004A653 /* SceneDelegate.swift */,
				2DA18A8823CEC2610004A653 /* ViewController.swift */,
				2DA18A8A23CEC2610004A653 /* Main.storyboard */,
				2DA18A8D23CEC2640004A653 /* Assets.xcassets */,
				2DA18A8F23CEC2640004A653 /* LaunchScreen.storyboard */,
				2DA18A9223CEC2640004A653 /* Info.plist */,
			);
			path = "Selfie share";
			sourceTree = "<group>";
		};
/* End PBXGroup section */

/* Begin PBXNativeTarget section */
		2DA18A8023CEC2610004A653 /* Selfie share */ = {
			isa = PBXNativeTarget;
			buildConfigurationList = 2DA18A9523CEC2640004A653 /* Build configuration list for PBXNativeTarget "Selfie share" */;
			buildPhases = (
				2DA18A7D23CEC2610004A653 /* Sources */,
				2DA18A7E23CEC2610004A653 /* Frameworks */,
				2DA18A7F23CEC2610004A653 /* Resources */,
			);
			buildRules = (
			);
			dependencies = (
			);
			name = "Selfie share";
			productName = "Selfie share";
			productReference = 2DA18A8123CEC2610004A653 /* Selfie share.app */;
			productType = "com.apple.product-type.application";
		};
/* End PBXNativeTarget section */

/* Begin PBXProject section */
		2DA18A7923CEC2610004A653 /* Project object */ = {
			isa = PBXProject;
			attributes = {
				LastSwiftUpdateCheck = 1130;
				LastUpgradeCheck = 1130;
				ORGANIZATIONNAME = LearnAppMaking;
				TargetAttributes = {
					2DA18A8023CEC2610004A653 = {
						CreatedOnToolsVersion = 11.3.1;
					};
				};
			};
			buildConfigurationList = 2DA18A7C23CEC2610004A653 /* Build configuration list for PBXProject "Selfie share" */;
			compatibilityVersion = "Xcode 9.3";
			developmentRegion = en;
			hasScannedForEncodings = 0;
			knownRegions = (
				en,
				Base,
			);
			mainGroup = 2DA18A7823CEC2610004A653;
			productRefGroup = 2DA18A8223CEC2610004A653 /* Products */;
			projectDirPath = "";
			projectRoot = "";
			targets = (
				2DA18A8023CEC2610004A653 /* Selfie share */,
			);
		};
/* End PBXProject section */

/* Begin PBXResourcesBuildPhase section */
		2DA18A7F23CEC2610004A653 /* Resources */ = {
			isa = PBXResourcesBuildPhase;
			buildActionMask = 2147483647;
			files = (
				2DA18A9123CEC2640004A653 /* LaunchScreen.storyboard in Resources */,
				2DA18A8E23CEC2640004A653 /* Assets.xcassets in Resources */,
				2DA18A8C23CEC2610004A653 /* Main.storyboard in Resources */,
			);
			runOnlyForDeploymentPostprocessing = 0;
		};
/* End PBXResourcesBuildPhase section */

/* Begin PBXSourcesBuildPhase section */
		2DA18A7D23CEC2610004A653 /* Sources */ = {
			isa = PBXSourcesBuildPhase;
			buildActionMask = 2147483647;
			files = (
				2DA18A8923CEC2610004A653 /* ViewController.swift in Sources */,
				2DA18A8523CEC2610004A653 /* AppDelegate.swift in Sources */,
				2DA18A8723CEC2610004A653 /* SceneDelegate.swift in Sources */,
			);
			runOnlyForDeploymentPostprocessing = 0;
		};
/* End PBXSourcesBuildPhase section */

/* Begin PBXVariantGroup section */
		2DA18A8A23CEC2610004A653 /* Main.storyboard */ = {
			isa = PBXVariantGroup;
			children = (
				2DA18A8B23CEC2610004A653 /* Base */,
			);
			name = Main.storyboard;
			sourceTree = "<group>";
		};
		2DA18A8F23CEC2640004A653 /* LaunchScreen.storyboard */ = {
			isa = PBXVariantGroup;
			children = (
				2DA18A9023CEC2640004A653 /* Base */,
			);
			name = LaunchScreen.storyboard;
			sourceTree = "<group>";
		};
/* End PBXVariantGroup section */

/* Begin XCBuildConfiguration section */
		2DA18A9323CEC2640004A653 /* Debug */ = {
			isa = XCBuildConfiguration;
			buildSettings = {
				ALWAYS_SEARCH_USER_PATHS = NO;
				CLANG_ANALYZER_NONNULL = YES;
				CLANG_ANALYZER_NUMBER_OBJECT_CONVERSION = YES_AGGRESSIVE;
				CLANG_CXX_LANGUAGE_STANDARD = "gnu++14";
				CLANG_CXX_LIBRARY = "libc++";
				CLANG_ENABLE_MODULES = YES;
				CLANG_ENABLE_OBJC_ARC = YES;
				CLANG_ENABLE_OBJC_WEAK = YES;
				CLANG_WARN_BLOCK_CAPTURE_AUTORELEASING = YES;
				CLANG_WARN_BOOL_CONVERSION = YES;
				CLANG_WARN_COMMA = YES;
				CLANG_WARN_CONSTANT_CONVERSION = YES;
				CLANG_WARN_DEPRECATED_OBJC_IMPLEMENTATIONS = YES;
				CLANG_WARN_DIRECT_OBJC_ISA_USAGE = YES_ERROR;
				CLANG_WARN_DOCUMENTATION_COMMENTS = YES;
				CLANG_WARN_EMPTY_BODY = YES;
				CLANG_WARN_ENUM_CONVERSION = YES;
				CLANG_WARN_INFINITE_RECURSION = YES;
				CLANG_WARN_INT_CONVERSION = YES;
				CLANG_WARN_NON_LITERAL_NULL_CONVERSION = YES;
				CLANG_WARN_OBJC_IMPLICIT_RETAIN_SELF = YES;
				CLANG_WARN_OBJC_LITERAL_CONVERSION = YES;
				CLANG_WARN_OBJC_ROOT_CLASS = YES_ERROR;
				CLANG_WARN_RANGE_LOOP_ANALYSIS = YES;
				CLANG_WARN_STRICT_PROTOTYPES = YES;
				CLANG_WARN_SUSPICIOUS_MOVE = YES;
				CLANG_WARN_UNGUARDED_AVAILABILITY = YES_AGGRESSIVE;
				CLANG_WARN_UNREACHABLE_CODE = YES;
				CLANG_WARN__DUPLICATE_METHOD_MATCH = YES;
				COPY_PHASE_STRIP = NO;
				DEBUG_INFORMATION_FORMAT = dwarf;
				ENABLE_STRICT_OBJC_MSGSEND = YES;
				ENABLE_TESTABILITY = YES;
				GCC_C_LANGUAGE_STANDARD = gnu11;
				GCC_DYNAMIC_NO_PIC = NO;
				GCC_NO_COMMON_BLOCKS = YES;
				GCC_OPTIMIZATION_LEVEL = 0;
				GCC_PREPROCESSOR_DEFINITIONS = (
					"DEBUG=1",
					"$(inherited)",
				);
				GCC_WARN_64_TO_32_BIT_CONVERSION = YES;
				GCC_WARN_ABOUT_RETURN_TYPE = YES_ERROR;
				GCC_WARN_UNDECLARED_SELECTOR = YES;
				GCC_WARN_UNINITIALIZED_AUTOS = YES_AGGRESSIVE;
				GCC_WARN_UNUSED_FUNCTION = YES;
				GCC_WARN_UNUSED_VARIABLE = YES;
				IPHONEOS_DEPLOYMENT_TARGET = 13.2;
				MTL_ENABLE_DEBUG_INFO = INCLUDE_SOURCE;
				MTL_FAST_MATH = YES;
				ONLY_ACTIVE_ARCH = YES;
				SDKROOT = iphoneos;
				SWIFT_ACTIVE_COMPILATION_CONDITIONS = DEBUG;
				SWIFT_OPTIMIZATION_LEVEL = "-Onone";
			};
			name = Debug;
		};
		2DA18A9423CEC2640004A653 /* Release */ = {
			isa = XCBuildConfiguration;
			buildSettings = {
				ALWAYS_SEARCH_USER_PATHS = NO;
				CLANG_ANALYZER_NONNULL = YES;
				CLANG_ANALYZER_NUMBER_OBJECT_CONVERSION = YES_AGGRESSIVE;
				CLANG_CXX_LANGUAGE_STANDARD = "gnu++14";
				CLANG_CXX_LIBRARY = "libc++";
				CLANG_ENABLE_MODULES = YES;
				CLANG_ENABLE_OBJC_ARC = YES;
				CLANG_ENABLE_OBJC_WEAK = YES;
				CLANG_WARN_BLOCK_CAPTURE_AUTORELEASING = YES;
				CLANG_WARN_BOOL_CONVERSION = YES;
				CLANG_WARN_COMMA = YES;
				CLANG_WARN_CONSTANT_CONVERSION = YES;
				CLANG_WARN_DEPRECATED_OBJC_IMPLEMENTATIONS = YES;
				CLANG_WARN_DIRECT_OBJC_ISA_USAGE = YES_ERROR;
				CLANG_WARN_DOCUMENTATION_COMMENTS = YES;
				CLANG_WARN_EMPTY_BODY = YES;
				CLANG_WARN_ENUM_CONVERSION = YES;
				CLANG_WARN_INFINITE_RECURSION = YES;
				CLANG_WARN_INT_CONVERSION = YES;
				CLANG_WARN_NON_LITERAL_NULL_CONVERSION = YES;
				CLANG_WARN_OBJC_IMPLICIT_RETAIN_SELF = YES;
				CLANG_WARN_OBJC_LITERAL_CONVERSION = YES;
				CLANG_WARN_OBJC_ROOT_CLASS = YES_ERROR;
				CLANG_WARN_RANGE_LOOP_ANALYSIS = YES;
				CLANG_WARN_STRICT_PROTOTYPES = YES;
				CLANG_WARN_SUSPICIOUS_MOVE = YES;
				CLANG_WARN_UNGUARDED_AVAILABILITY = YES_AGGRESSIVE;
				CLANG_WARN_UNREACHABLE_CODE = YES;
				CLANG_WARN__DUPLICATE_METHOD_MATCH = YES;
				COPY_PHASE_STRIP = NO;
				DEBUG_INFORMATION_FORMAT = "dwarf-with-dsym";
				ENABLE_NS_ASSERTIONS = NO;
				ENABLE_STRICT_OBJC_MSGSEND = YES;
				GCC_C_LANGUAGE_STANDARD = gnu11;
				GCC_NO_COMMON_BLOCKS = YES;
				GCC_WARN_64_TO_32_BIT_CONVERSION = YES;
				GCC_WARN_ABOUT_RETURN_TYPE = YES_ERROR;
				GCC_WARN_UNDECLARED_SELECTOR = YES;
				GCC_WARN_UNINITIALIZED_AUTOS = YES_AGGRESSIVE;
				GCC_WARN_UNUSED_FUNCTION = YES;
				GCC_WARN_UNUSED_VARIABLE = YES;
				IPHONEOS_DEPLOYMENT_TARGET = 13.2;
				MTL_ENABLE_DEBUG_INFO = NO;
				MTL_FAST_MATH = YES;
				SDKROOT = iphoneos;
				SWIFT_COMPILATION_MODE = wholemodule;
				SWIFT_OPTIMIZATION_LEVEL = "-O";
				VALIDATE_PRODUCT = YES;
			};
			name = Release;
		};
		2DA18A9623CEC2640004A653 /* Debug */ = {
			isa = XCBuildConfiguration;
			buildSettings = {
				ASSETCATALOG_COMPILER_APPICON_NAME = AppIcon;
				CODE_SIGN_STYLE = Automatic;
				DEVELOPMENT_TEAM = LR9PL4C5TR;
				INFOPLIST_FILE = "Selfie share/Info.plist";
				LD_RUNPATH_SEARCH_PATHS = (
					"$(inherited)",
					"@executable_path/Frameworks",
				);
				PRODUCT_BUNDLE_IDENTIFIER = "com.learnappmaking.Selfie-share";
				PRODUCT_NAME = "$(TARGET_NAME)";
				SWIFT_VERSION = 5.0;
				TARGETED_DEVICE_FAMILY = "1,2";
			};
			name = Debug;
		};
		2DA18A9723CEC2640004A653 /* Release */ = {
			isa = XCBuildConfiguration;
			buildSettings = {
				ASSETCATALOG_COMPILER_APPICON_NAME = AppIcon;
				CODE_SIGN_STYLE = Automatic;
				DEVELOPMENT_TEAM = LR9PL4C5TR;
				INFOPLIST_FILE = "Selfie share/Info.plist";
				LD_RUNPATH_SEARCH_PATHS = (
					"$(inherited)",
					"@executable_path/Frameworks",
				);
				PRODUCT_BUNDLE_IDENTIFIER = "com.learnappmaking.Selfie-share";
				PRODUCT_NAME = "$(TARGET_NAME)";
				SWIFT_VERSION = 5.0;
				TARGETED_DEVICE_FAMILY = "1,2";
			};
			name = Release;
		};
/* End XCBuildConfiguration section */

/* Begin XCConfigurationList section */
		2DA18A7C23CEC2610004A653 /* Build configuration list for PBXProject "Selfie share" */ = {
			isa = XCConfigurationList;
			buildConfigurations = (
				2DA18A9323CEC2640004A653 /* Debug */,
				2DA18A9423CEC2640004A653 /* Release */,
			);
			defaultConfigurationIsVisible = 0;
			defaultConfigurationName = Release;
		};
		2DA18A9523CEC2640004A653 /* Build configuration list for PBXNativeTarget "Selfie share" */ = {
			isa = XCConfigurationList;
			buildConfigurations = (
				2DA18A9623CEC2640004A653 /* Debug */,
				2DA18A9723CEC2640004A653 /* Release */,
			);
			defaultConfigurationIsVisible = 0;
			defaultConfigurationName = Release;
		};
/* End XCConfigurationList section */
	};
	rootObject = 2DA18A7923CEC2610004A653 /* Project object */;
}
